// !$*UTF8*$!
{
	archiveVersion = 1;
	classes = {
	};
	objectVersion = 55;
	objects = {

/* Begin PBXBuildFile section */
		4DBBD7D62732F1CF006DF5D0 /* CustomCalender.swift in Sources */ = {isa = PBXBuildFile; fileRef = 4DBBD7D52732F1CF006DF5D0 /* CustomCalender.swift */; };
		4DBBD7D82732F27E006DF5D0 /* ContentView.swift in Sources */ = {isa = PBXBuildFile; fileRef = 4DBBD7D72732F27E006DF5D0 /* ContentView.swift */; };
		4DBBD7DA273303C0006DF5D0 /* DataValue.swift in Sources */ = {isa = PBXBuildFile; fileRef = 4DBBD7D9273303C0006DF5D0 /* DataValue.swift */; };
		4DC146652732C4F4007B9E4A /* CalenderApp.swift in Sources */ = {isa = PBXBuildFile; fileRef = 4DC146642732C4F4007B9E4A /* CalenderApp.swift */; };
		4DC146692732C4F7007B9E4A /* Assets.xcassets in Resources */ = {isa = PBXBuildFile; fileRef = 4DC146682732C4F7007B9E4A /* Assets.xcassets */; };
		4DC1466C2732C4F7007B9E4A /* Preview Assets.xcassets in Resources */ = {isa = PBXBuildFile; fileRef = 4DC1466B2732C4F7007B9E4A /* Preview Assets.xcassets */; };
		4DC146762732C4F7007B9E4A /* CalenderTests.swift in Sources */ = {isa = PBXBuildFile; fileRef = 4DC146752732C4F7007B9E4A /* CalenderTests.swift */; };
		4DC146802732C4F7007B9E4A /* CalenderUITests.swift in Sources */ = {isa = PBXBuildFile; fileRef = 4DC1467F2732C4F7007B9E4A /* CalenderUITests.swift */; };
		4DC146822732C4F7007B9E4A /* CalenderUITestsLaunchTests.swift in Sources */ = {isa = PBXBuildFile; fileRef = 4DC146812732C4F7007B9E4A /* CalenderUITestsLaunchTests.swift */; };
		4DC1468F2732C6BD007B9E4A /* HomeView.swift in Sources */ = {isa = PBXBuildFile; fileRef = 4DC1468E2732C6BD007B9E4A /* HomeView.swift */; };
		4DD5987F2737DBBB001D09F2 /* TaskViewModel.swift in Sources */ = {isa = PBXBuildFile; fileRef = 4DD5987E2737DBBB001D09F2 /* TaskViewModel.swift */; };
		4DD598812737FA93001D09F2 /* CreateTask.swift in Sources */ = {isa = PBXBuildFile; fileRef = 4DD598802737FA93001D09F2 /* CreateTask.swift */; };
		4DE34B4B273678DE005CDD2E /* MyExtension.swift in Sources */ = {isa = PBXBuildFile; fileRef = 4DE34B4A273678DE005CDD2E /* MyExtension.swift */; };
		4DE34B4E273682E1005CDD2E /* Task.swift in Sources */ = {isa = PBXBuildFile; fileRef = 4DE34B4D273682E1005CDD2E /* Task.swift */; };
/* End PBXBuildFile section */

/* Begin PBXContainerItemProxy section */
		4DC146722732C4F7007B9E4A /* PBXContainerItemProxy */ = {
			isa = PBXContainerItemProxy;
			containerPortal = 4DC146592732C4F4007B9E4A /* Project object */;
			proxyType = 1;
			remoteGlobalIDString = 4DC146602732C4F4007B9E4A;
			remoteInfo = Calender;
		};
		4DC1467C2732C4F7007B9E4A /* PBXContainerItemProxy */ = {
			isa = PBXContainerItemProxy;
			containerPortal = 4DC146592732C4F4007B9E4A /* Project object */;
			proxyType = 1;
			remoteGlobalIDString = 4DC146602732C4F4007B9E4A;
			remoteInfo = Calender;
		};
/* End PBXContainerItemProxy section */

/* Begin PBXFileReference section */
		4DBBD7D52732F1CF006DF5D0 /* CustomCalender.swift */ = {isa = PBXFileReference; lastKnownFileType = sourcecode.swift; path = CustomCalender.swift; sourceTree = "<group>"; };
		4DBBD7D72732F27E006DF5D0 /* ContentView.swift */ = {isa = PBXFileReference; lastKnownFileType = sourcecode.swift; path = ContentView.swift; sourceTree = "<group>"; };
		4DBBD7D9273303C0006DF5D0 /* DataValue.swift */ = {isa = PBXFileReference; lastKnownFileType = sourcecode.swift; path = DataValue.swift; sourceTree = "<group>"; };
		4DC146612732C4F4007B9E4A /* Calender.app */ = {isa = PBXFileReference; explicitFileType = wrapper.application; includeInIndex = 0; path = Calender.app; sourceTree = BUILT_PRODUCTS_DIR; };
		4DC146642732C4F4007B9E4A /* CalenderApp.swift */ = {isa = PBXFileReference; lastKnownFileType = sourcecode.swift; path = CalenderApp.swift; sourceTree = "<group>"; };
		4DC146682732C4F7007B9E4A /* Assets.xcassets */ = {isa = PBXFileReference; lastKnownFileType = folder.assetcatalog; path = Assets.xcassets; sourceTree = "<group>"; };
		4DC1466B2732C4F7007B9E4A /* Preview Assets.xcassets */ = {isa = PBXFileReference; lastKnownFileType = folder.assetcatalog; path = "Preview Assets.xcassets"; sourceTree = "<group>"; };
		4DC146712732C4F7007B9E4A /* CalenderTests.xctest */ = {isa = PBXFileReference; explicitFileType = wrapper.cfbundle; includeInIndex = 0; path = CalenderTests.xctest; sourceTree = BUILT_PRODUCTS_DIR; };
		4DC146752732C4F7007B9E4A /* CalenderTests.swift */ = {isa = PBXFileReference; lastKnownFileType = sourcecode.swift; path = CalenderTests.swift; sourceTree = "<group>"; };
		4DC1467B2732C4F7007B9E4A /* CalenderUITests.xctest */ = {isa = PBXFileReference; explicitFileType = wrapper.cfbundle; includeInIndex = 0; path = CalenderUITests.xctest; sourceTree = BUILT_PRODUCTS_DIR; };
		4DC1467F2732C4F7007B9E4A /* CalenderUITests.swift */ = {isa = PBXFileReference; lastKnownFileType = sourcecode.swift; path = CalenderUITests.swift; sourceTree = "<group>"; };
		4DC146812732C4F7007B9E4A /* CalenderUITestsLaunchTests.swift */ = {isa = PBXFileReference; lastKnownFileType = sourcecode.swift; path = CalenderUITestsLaunchTests.swift; sourceTree = "<group>"; };
		4DC1468E2732C6BD007B9E4A /* HomeView.swift */ = {isa = PBXFileReference; lastKnownFileType = sourcecode.swift; path = HomeView.swift; sourceTree = "<group>"; };
		4DD5987E2737DBBB001D09F2 /* TaskViewModel.swift */ = {isa = PBXFileReference; lastKnownFileType = sourcecode.swift; path = TaskViewModel.swift; sourceTree = "<group>"; };
		4DD598802737FA93001D09F2 /* CreateTask.swift */ = {isa = PBXFileReference; lastKnownFileType = sourcecode.swift; path = CreateTask.swift; sourceTree = "<group>"; };
		4DE34B4A273678DE005CDD2E /* MyExtension.swift */ = {isa = PBXFileReference; lastKnownFileType = sourcecode.swift; path = MyExtension.swift; sourceTree = "<group>"; };
		4DE34B4D273682E1005CDD2E /* Task.swift */ = {isa = PBXFileReference; lastKnownFileType = sourcecode.swift; path = Task.swift; sourceTree = "<group>"; };
/* End PBXFileReference section */

/* Begin PBXFrameworksBuildPhase section */
		4DC1465E2732C4F4007B9E4A /* Frameworks */ = {
			isa = PBXFrameworksBuildPhase;
			buildActionMask = 2147483647;
			files = (
			);
			runOnlyForDeploymentPostprocessing = 0;
		};
		4DC1466E2732C4F7007B9E4A /* Frameworks */ = {
			isa = PBXFrameworksBuildPhase;
			buildActionMask = 2147483647;
			files = (
			);
			runOnlyForDeploymentPostprocessing = 0;
		};
		4DC146782732C4F7007B9E4A /* Frameworks */ = {
			isa = PBXFrameworksBuildPhase;
			buildActionMask = 2147483647;
			files = (
			);
			runOnlyForDeploymentPostprocessing = 0;
		};
/* End PBXFrameworksBuildPhase section */

/* Begin PBXGroup section */
		4DC146582732C4F4007B9E4A = {
			isa = PBXGroup;
			children = (
				4DC146632732C4F4007B9E4A /* Calender */,
				4DC146742732C4F7007B9E4A /* CalenderTests */,
				4DC1467E2732C4F7007B9E4A /* CalenderUITests */,
				4DC146622732C4F4007B9E4A /* Products */,
			);
			sourceTree = "<group>";
		};
		4DC146622732C4F4007B9E4A /* Products */ = {
			isa = PBXGroup;
			children = (
				4DC146612732C4F4007B9E4A /* Calender.app */,
				4DC146712732C4F7007B9E4A /* CalenderTests.xctest */,
				4DC1467B2732C4F7007B9E4A /* CalenderUITests.xctest */,
			);
			name = Products;
			sourceTree = "<group>";
		};
		4DC146632732C4F4007B9E4A /* Calender */ = {
			isa = PBXGroup;
			children = (
				4DE34B49273678B1005CDD2E /* ViewModel */,
				4DEE227F2732EE43003C93C1 /* Model */,
				4DEE227E2732EE34003C93C1 /* View */,
				4DC146642732C4F4007B9E4A /* CalenderApp.swift */,
				4DC146682732C4F7007B9E4A /* Assets.xcassets */,
				4DBBD7D72732F27E006DF5D0 /* ContentView.swift */,
				4DC1466A2732C4F7007B9E4A /* Preview Content */,
			);
			path = Calender;
			sourceTree = "<group>";
		};
		4DC1466A2732C4F7007B9E4A /* Preview Content */ = {
			isa = PBXGroup;
			children = (
				4DC1466B2732C4F7007B9E4A /* Preview Assets.xcassets */,
			);
			path = "Preview Content";
			sourceTree = "<group>";
		};
		4DC146742732C4F7007B9E4A /* CalenderTests */ = {
			isa = PBXGroup;
			children = (
				4DC146752732C4F7007B9E4A /* CalenderTests.swift */,
			);
			path = CalenderTests;
			sourceTree = "<group>";
		};
		4DC1467E2732C4F7007B9E4A /* CalenderUITests */ = {
			isa = PBXGroup;
			children = (
				4DC1467F2732C4F7007B9E4A /* CalenderUITests.swift */,
				4DC146812732C4F7007B9E4A /* CalenderUITestsLaunchTests.swift */,
			);
			path = CalenderUITests;
			sourceTree = "<group>";
		};
		4DE34B49273678B1005CDD2E /* ViewModel */ = {
			isa = PBXGroup;
			children = (
				4DE34B4A273678DE005CDD2E /* MyExtension.swift */,
				4DD5987E2737DBBB001D09F2 /* TaskViewModel.swift */,
			);
			path = ViewModel;
			sourceTree = "<group>";
		};
		4DEE227E2732EE34003C93C1 /* View */ = {
			isa = PBXGroup;
			children = (
				4DBBD7D52732F1CF006DF5D0 /* CustomCalender.swift */,
				4DC1468E2732C6BD007B9E4A /* HomeView.swift */,
				4DD598802737FA93001D09F2 /* CreateTask.swift */,
			);
			path = View;
			sourceTree = "<group>";
		};
		4DEE227F2732EE43003C93C1 /* Model */ = {
			isa = PBXGroup;
			children = (
				4DBBD7D9273303C0006DF5D0 /* DataValue.swift */,
				4DE34B4D273682E1005CDD2E /* Task.swift */,
			);
			path = Model;
			sourceTree = "<group>";
		};
/* End PBXGroup section */

/* Begin PBXNativeTarget section */
		4DC146602732C4F4007B9E4A /* Calender */ = {
			isa = PBXNativeTarget;
			buildConfigurationList = 4DC146852732C4F7007B9E4A /* Build configuration list for PBXNativeTarget "Calender" */;
			buildPhases = (
				4DC1465D2732C4F4007B9E4A /* Sources */,
				4DC1465E2732C4F4007B9E4A /* Frameworks */,
				4DC1465F2732C4F4007B9E4A /* Resources */,
			);
			buildRules = (
			);
			dependencies = (
			);
			name = Calender;
			productName = Calender;
			productReference = 4DC146612732C4F4007B9E4A /* Calender.app */;
			productType = "com.apple.product-type.application";
		};
		4DC146702732C4F7007B9E4A /* CalenderTests */ = {
			isa = PBXNativeTarget;
			buildConfigurationList = 4DC146882732C4F7007B9E4A /* Build configuration list for PBXNativeTarget "CalenderTests" */;
			buildPhases = (
				4DC1466D2732C4F7007B9E4A /* Sources */,
				4DC1466E2732C4F7007B9E4A /* Frameworks */,
				4DC1466F2732C4F7007B9E4A /* Resources */,
			);
			buildRules = (
			);
			dependencies = (
				4DC146732732C4F7007B9E4A /* PBXTargetDependency */,
			);
			name = CalenderTests;
			productName = CalenderTests;
			productReference = 4DC146712732C4F7007B9E4A /* CalenderTests.xctest */;
			productType = "com.apple.product-type.bundle.unit-test";
		};
		4DC1467A2732C4F7007B9E4A /* CalenderUITests */ = {
			isa = PBXNativeTarget;
			buildConfigurationList = 4DC1468B2732C4F7007B9E4A /* Build configuration list for PBXNativeTarget "CalenderUITests" */;
			buildPhases = (
				4DC146772732C4F7007B9E4A /* Sources */,
				4DC146782732C4F7007B9E4A /* Frameworks */,
				4DC146792732C4F7007B9E4A /* Resources */,
			);
			buildRules = (
			);
			dependencies = (
				4DC1467D2732C4F7007B9E4A /* PBXTargetDependency */,
			);
			name = CalenderUITests;
			productName = CalenderUITests;
			productReference = 4DC1467B2732C4F7007B9E4A /* CalenderUITests.xctest */;
			productType = "com.apple.product-type.bundle.ui-testing";
		};
/* End PBXNativeTarget section */

/* Begin PBXProject section */
		4DC146592732C4F4007B9E4A /* Project object */ = {
			isa = PBXProject;
			attributes = {
				BuildIndependentTargetsInParallel = 1;
				LastSwiftUpdateCheck = 1310;
				LastUpgradeCheck = 1310;
				TargetAttributes = {
					4DC146602732C4F4007B9E4A = {
						CreatedOnToolsVersion = 13.1;
					};
					4DC146702732C4F7007B9E4A = {
						CreatedOnToolsVersion = 13.1;
						TestTargetID = 4DC146602732C4F4007B9E4A;
					};
					4DC1467A2732C4F7007B9E4A = {
						CreatedOnToolsVersion = 13.1;
						TestTargetID = 4DC146602732C4F4007B9E4A;
					};
				};
			};
			buildConfigurationList = 4DC1465C2732C4F4007B9E4A /* Build configuration list for PBXProject "Calender" */;
			compatibilityVersion = "Xcode 13.0";
			developmentRegion = en;
			hasScannedForEncodings = 0;
			knownRegions = (
				en,
				Base,
				ru,
			);
			mainGroup = 4DC146582732C4F4007B9E4A;
			productRefGroup = 4DC146622732C4F4007B9E4A /* Products */;
			projectDirPath = "";
			projectRoot = "";
			targets = (
				4DC146602732C4F4007B9E4A /* Calender */,
				4DC146702732C4F7007B9E4A /* CalenderTests */,
				4DC1467A2732C4F7007B9E4A /* CalenderUITests */,
			);
		};
/* End PBXProject section */

/* Begin PBXResourcesBuildPhase section */
		4DC1465F2732C4F4007B9E4A /* Resources */ = {
			isa = PBXResourcesBuildPhase;
			buildActionMask = 2147483647;
			files = (
				4DC1466C2732C4F7007B9E4A /* Preview Assets.xcassets in Resources */,
				4DC146692732C4F7007B9E4A /* Assets.xcassets in Resources */,
			);
			runOnlyForDeploymentPostprocessing = 0;
		};
		4DC1466F2732C4F7007B9E4A /* Resources */ = {
			isa = PBXResourcesBuildPhase;
			buildActionMask = 2147483647;
			files = (
			);
			runOnlyForDeploymentPostprocessing = 0;
		};
		4DC146792732C4F7007B9E4A /* Resources */ = {
			isa = PBXResourcesBuildPhase;
			buildActionMask = 2147483647;
			files = (
			);
			runOnlyForDeploymentPostprocessing = 0;
		};
/* End PBXResourcesBuildPhase section */

/* Begin PBXSourcesBuildPhase section */
		4DC1465D2732C4F4007B9E4A /* Sources */ = {
			isa = PBXSourcesBuildPhase;
			buildActionMask = 2147483647;
			files = (
				4DBBD7D62732F1CF006DF5D0 /* CustomCalender.swift in Sources */,
				4DC146652732C4F4007B9E4A /* CalenderApp.swift in Sources */,
				4DBBD7D82732F27E006DF5D0 /* ContentView.swift in Sources */,
				4DBBD7DA273303C0006DF5D0 /* DataValue.swift in Sources */,
				4DE34B4B273678DE005CDD2E /* MyExtension.swift in Sources */,
				4DE34B4E273682E1005CDD2E /* Task.swift in Sources */,
				4DD5987F2737DBBB001D09F2 /* TaskViewModel.swift in Sources */,
				4DD598812737FA93001D09F2 /* CreateTask.swift in Sources */,
				4DC1468F2732C6BD007B9E4A /* HomeView.swift in Sources */,
			);
			runOnlyForDeploymentPostprocessing = 0;
		};
		4DC1466D2732C4F7007B9E4A /* Sources */ = {
			isa = PBXSourcesBuildPhase;
			buildActionMask = 2147483647;
			files = (
				4DC146762732C4F7007B9E4A /* CalenderTests.swift in Sources */,
			);
			runOnlyForDeploymentPostprocessing = 0;
		};
		4DC146772732C4F7007B9E4A /* Sources */ = {
			isa = PBXSourcesBuildPhase;
			buildActionMask = 2147483647;
			files = (
				4DC146822732C4F7007B9E4A /* CalenderUITestsLaunchTests.swift in Sources */,
				4DC146802732C4F7007B9E4A /* CalenderUITests.swift in Sources */,
			);
			runOnlyForDeploymentPostprocessing = 0;
		};
/* End PBXSourcesBuildPhase section */

/* Begin PBXTargetDependency section */
		4DC146732732C4F7007B9E4A /* PBXTargetDependency */ = {
			isa = PBXTargetDependency;
			target = 4DC146602732C4F4007B9E4A /* Calender */;
			targetProxy = 4DC146722732C4F7007B9E4A /* PBXContainerItemProxy */;
		};
		4DC1467D2732C4F7007B9E4A /* PBXTargetDependency */ = {
			isa = PBXTargetDependency;
			target = 4DC146602732C4F4007B9E4A /* Calender */;
			targetProxy = 4DC1467C2732C4F7007B9E4A /* PBXContainerItemProxy */;
		};
/* End PBXTargetDependency section */

/* Begin XCBuildConfiguration section */
		4DC146832732C4F7007B9E4A /* Debug */ = {
			isa = XCBuildConfiguration;
			buildSettings = {
				ALWAYS_SEARCH_USER_PATHS = NO;
				CLANG_ANALYZER_NONNULL = YES;
				CLANG_ANALYZER_NUMBER_OBJECT_CONVERSION = YES_AGGRESSIVE;
				CLANG_CXX_LANGUAGE_STANDARD = "gnu++17";
				CLANG_CXX_LIBRARY = "libc++";
				CLANG_ENABLE_MODULES = YES;
				CLANG_ENABLE_OBJC_ARC = YES;
				CLANG_ENABLE_OBJC_WEAK = YES;
				CLANG_WARN_BLOCK_CAPTURE_AUTORELEASING = YES;
				CLANG_WARN_BOOL_CONVERSION = YES;
				CLANG_WARN_COMMA = YES;
				CLANG_WARN_CONSTANT_CONVERSION = YES;
				CLANG_WARN_DEPRECATED_OBJC_IMPLEMENTATIONS = YES;
				CLANG_WARN_DIRECT_OBJC_ISA_USAGE = YES_ERROR;
				CLANG_WARN_DOCUMENTATION_COMMENTS = YES;
				CLANG_WARN_EMPTY_BODY = YES;
				CLANG_WARN_ENUM_CONVERSION = YES;
				CLANG_WARN_INFINITE_RECURSION = YES;
				CLANG_WARN_INT_CONVERSION = YES;
				CLANG_WARN_NON_LITERAL_NULL_CONVERSION = YES;
				CLANG_WARN_OBJC_IMPLICIT_RETAIN_SELF = YES;
				CLANG_WARN_OBJC_LITERAL_CONVERSION = YES;
				CLANG_WARN_OBJC_ROOT_CLASS = YES_ERROR;
				CLANG_WARN_QUOTED_INCLUDE_IN_FRAMEWORK_HEADER = YES;
				CLANG_WARN_RANGE_LOOP_ANALYSIS = YES;
				CLANG_WARN_STRICT_PROTOTYPES = YES;
				CLANG_WARN_SUSPICIOUS_MOVE = YES;
				CLANG_WARN_UNGUARDED_AVAILABILITY = YES_AGGRESSIVE;
				CLANG_WARN_UNREACHABLE_CODE = YES;
				CLANG_WARN__DUPLICATE_METHOD_MATCH = YES;
				COPY_PHASE_STRIP = NO;
				DEBUG_INFORMATION_FORMAT = dwarf;
				ENABLE_STRICT_OBJC_MSGSEND = YES;
				ENABLE_TESTABILITY = YES;
				GCC_C_LANGUAGE_STANDARD = gnu11;
				GCC_DYNAMIC_NO_PIC = NO;
				GCC_NO_COMMON_BLOCKS = YES;
				GCC_OPTIMIZATION_LEVEL = 0;
				GCC_PREPROCESSOR_DEFINITIONS = (
					"DEBUG=1",
					"$(inherited)",
				);
				GCC_WARN_64_TO_32_BIT_CONVERSION = YES;
				GCC_WARN_ABOUT_RETURN_TYPE = YES_ERROR;
				GCC_WARN_UNDECLARED_SELECTOR = YES;
				GCC_WARN_UNINITIALIZED_AUTOS = YES_AGGRESSIVE;
				GCC_WARN_UNUSED_FUNCTION = YES;
				GCC_WARN_UNUSED_VARIABLE = YES;
				IPHONEOS_DEPLOYMENT_TARGET = 15.0;
				MTL_ENABLE_DEBUG_INFO = INCLUDE_SOURCE;
				MTL_FAST_MATH = YES;
				ONLY_ACTIVE_ARCH = YES;
				SDKROOT = iphoneos;
				SWIFT_ACTIVE_COMPILATION_CONDITIONS = DEBUG;
				SWIFT_OPTIMIZATION_LEVEL = "-Onone";
			};
			name = Debug;
		};
		4DC146842732C4F7007B9E4A /* Release */ = {
			isa = XCBuildConfiguration;
			buildSettings = {
				ALWAYS_SEARCH_USER_PATHS = NO;
				CLANG_ANALYZER_NONNULL = YES;
				CLANG_ANALYZER_NUMBER_OBJECT_CONVERSION = YES_AGGRESSIVE;
				CLANG_CXX_LANGUAGE_STANDARD = "gnu++17";
				CLANG_CXX_LIBRARY = "libc++";
				CLANG_ENABLE_MODULES = YES;
				CLANG_ENABLE_OBJC_ARC = YES;
				CLANG_ENABLE_OBJC_WEAK = YES;
				CLANG_WARN_BLOCK_CAPTURE_AUTORELEASING = YES;
				CLANG_WARN_BOOL_CONVERSION = YES;
				CLANG_WARN_COMMA = YES;
				CLANG_WARN_CONSTANT_CONVERSION = YES;
				CLANG_WARN_DEPRECATED_OBJC_IMPLEMENTATIONS = YES;
				CLANG_WARN_DIRECT_OBJC_ISA_USAGE = YES_ERROR;
				CLANG_WARN_DOCUMENTATION_COMMENTS = YES;
				CLANG_WARN_EMPTY_BODY = YES;
				CLANG_WARN_ENUM_CONVERSION = YES;
				CLANG_WARN_INFINITE_RECURSION = YES;
				CLANG_WARN_INT_CONVERSION = YES;
				CLANG_WARN_NON_LITERAL_NULL_CONVERSION = YES;
				CLANG_WARN_OBJC_IMPLICIT_RETAIN_SELF = YES;
				CLANG_WARN_OBJC_LITERAL_CONVERSION = YES;
				CLANG_WARN_OBJC_ROOT_CLASS = YES_ERROR;
				CLANG_WARN_QUOTED_INCLUDE_IN_FRAMEWORK_HEADER = YES;
				CLANG_WARN_RANGE_LOOP_ANALYSIS = YES;
				CLANG_WARN_STRICT_PROTOTYPES = YES;
				CLANG_WARN_SUSPICIOUS_MOVE = YES;
				CLANG_WARN_UNGUARDED_AVAILABILITY = YES_AGGRESSIVE;
				CLANG_WARN_UNREACHABLE_CODE = YES;
				CLANG_WARN__DUPLICATE_METHOD_MATCH = YES;
				COPY_PHASE_STRIP = NO;
				DEBUG_INFORMATION_FORMAT = "dwarf-with-dsym";
				ENABLE_NS_ASSERTIONS = NO;
				ENABLE_STRICT_OBJC_MSGSEND = YES;
				GCC_C_LANGUAGE_STANDARD = gnu11;
				GCC_NO_COMMON_BLOCKS = YES;
				GCC_WARN_64_TO_32_BIT_CONVERSION = YES;
				GCC_WARN_ABOUT_RETURN_TYPE = YES_ERROR;
				GCC_WARN_UNDECLARED_SELECTOR = YES;
				GCC_WARN_UNINITIALIZED_AUTOS = YES_AGGRESSIVE;
				GCC_WARN_UNUSED_FUNCTION = YES;
				GCC_WARN_UNUSED_VARIABLE = YES;
				IPHONEOS_DEPLOYMENT_TARGET = 15.0;
				MTL_ENABLE_DEBUG_INFO = NO;
				MTL_FAST_MATH = YES;
				SDKROOT = iphoneos;
				SWIFT_COMPILATION_MODE = wholemodule;
				SWIFT_OPTIMIZATION_LEVEL = "-O";
				VALIDATE_PRODUCT = YES;
			};
			name = Release;
		};
		4DC146862732C4F7007B9E4A /* Debug */ = {
			isa = XCBuildConfiguration;
			buildSettings = {
				ASSETCATALOG_COMPILER_APPICON_NAME = AppIcon;
				ASSETCATALOG_COMPILER_GLOBAL_ACCENT_COLOR_NAME = AccentColor;
				CODE_SIGN_STYLE = Automatic;
				CURRENT_PROJECT_VERSION = 1;
				DEVELOPMENT_ASSET_PATHS = "\"Calender/Preview Content\"";
				ENABLE_PREVIEWS = YES;
				GENERATE_INFOPLIST_FILE = YES;
				INFOPLIST_KEY_UIApplicationSceneManifest_Generation = YES;
				INFOPLIST_KEY_UIApplicationSupportsIndirectInputEvents = YES;
				INFOPLIST_KEY_UILaunchScreen_Generation = YES;
				INFOPLIST_KEY_UISupportedInterfaceOrientations_iPad = "UIInterfaceOrientationPortrait UIInterfaceOrientationPortraitUpsideDown UIInterfaceOrientationLandscapeLeft UIInterfaceOrientationLandscapeRight";
				INFOPLIST_KEY_UISupportedInterfaceOrientations_iPhone = "UIInterfaceOrientationPortrait UIInterfaceOrientationLandscapeLeft UIInterfaceOrientationLandscapeRight";
				LD_RUNPATH_SEARCH_PATHS = (
					"$(inherited)",
					"@executable_path/Frameworks",
				);
				MARKETING_VERSION = 1.0;
				PRODUCT_BUNDLE_IDENTIFIER = Nastya.Calender;
				PRODUCT_NAME = "$(TARGET_NAME)";
				SWIFT_EMIT_LOC_STRINGS = YES;
				SWIFT_VERSION = 5.0;
				TARGETED_DEVICE_FAMILY = "1,2";
			};
			name = Debug;
		};
		4DC146872732C4F7007B9E4A /* Release */ = {
			isa = XCBuildConfiguration;
			buildSettings = {
				ASSETCATALOG_COMPILER_APPICON_NAME = AppIcon;
				ASSETCATALOG_COMPILER_GLOBAL_ACCENT_COLOR_NAME = AccentColor;
				CODE_SIGN_STYLE = Automatic;
				CURRENT_PROJECT_VERSION = 1;
				DEVELOPMENT_ASSET_PATHS = "\"Calender/Preview Content\"";
				ENABLE_PREVIEWS = YES;
				GENERATE_INFOPLIST_FILE = YES;
				INFOPLIST_KEY_UIApplicationSceneManifest_Generation = YES;
				INFOPLIST_KEY_UIApplicationSupportsIndirectInputEvents = YES;
				INFOPLIST_KEY_UILaunchScreen_Generation = YES;
				INFOPLIST_KEY_UISupportedInterfaceOrientations_iPad = "UIInterfaceOrientationPortrait UIInterfaceOrientationPortraitUpsideDown UIInterfaceOrientationLandscapeLeft UIInterfaceOrientationLandscapeRight";
				INFOPLIST_KEY_UISupportedInterfaceOrientations_iPhone = "UIInterfaceOrientationPortrait UIInterfaceOrientationLandscapeLeft UIInterfaceOrientationLandscapeRight";
				LD_RUNPATH_SEARCH_PATHS = (
					"$(inherited)",
					"@executable_path/Frameworks",
				);
				MARKETING_VERSION = 1.0;
				PRODUCT_BUNDLE_IDENTIFIER = Nastya.Calender;
				PRODUCT_NAME = "$(TARGET_NAME)";
				SWIFT_EMIT_LOC_STRINGS = YES;
				SWIFT_VERSION = 5.0;
				TARGETED_DEVICE_FAMILY = "1,2";
			};
			name = Release;
		};
		4DC146892732C4F7007B9E4A /* Debug */ = {
			isa = XCBuildConfiguration;
			buildSettings = {
				ALWAYS_EMBED_SWIFT_STANDARD_LIBRARIES = YES;
				BUNDLE_LOADER = "$(TEST_HOST)";
				CODE_SIGN_STYLE = Automatic;
				CURRENT_PROJECT_VERSION = 1;
				GENERATE_INFOPLIST_FILE = YES;
				IPHONEOS_DEPLOYMENT_TARGET = 15.0;
				LD_RUNPATH_SEARCH_PATHS = (
					"$(inherited)",
					"@executable_path/Frameworks",
					"@loader_path/Frameworks",
				);
				MARKETING_VERSION = 1.0;
				PRODUCT_BUNDLE_IDENTIFIER = Nastya.CalenderTests;
				PRODUCT_NAME = "$(TARGET_NAME)";
				SWIFT_EMIT_LOC_STRINGS = NO;
				SWIFT_VERSION = 5.0;
				TARGETED_DEVICE_FAMILY = "1,2";
				TEST_HOST = "$(BUILT_PRODUCTS_DIR)/Calender.app/Calender";
			};
			name = Debug;
		};
		4DC1468A2732C4F7007B9E4A /* Release */ = {
			isa = XCBuildConfiguration;
			buildSettings = {
				ALWAYS_EMBED_SWIFT_STANDARD_LIBRARIES = YES;
				BUNDLE_LOADER = "$(TEST_HOST)";
				CODE_SIGN_STYLE = Automatic;
				CURRENT_PROJECT_VERSION = 1;
				GENERATE_INFOPLIST_FILE = YES;
				IPHONEOS_DEPLOYMENT_TARGET = 15.0;
				LD_RUNPATH_SEARCH_PATHS = (
					"$(inherited)",
					"@executable_path/Frameworks",
					"@loader_path/Frameworks",
				);
				MARKETING_VERSION = 1.0;
				PRODUCT_BUNDLE_IDENTIFIER = Nastya.CalenderTests;
				PRODUCT_NAME = "$(TARGET_NAME)";
				SWIFT_EMIT_LOC_STRINGS = NO;
				SWIFT_VERSION = 5.0;
				TARGETED_DEVICE_FAMILY = "1,2";
				TEST_HOST = "$(BUILT_PRODUCTS_DIR)/Calender.app/Calender";
			};
			name = Release;
		};
		4DC1468C2732C4F7007B9E4A /* Debug */ = {
			isa = XCBuildConfiguration;
			buildSettings = {
				ALWAYS_EMBED_SWIFT_STANDARD_LIBRARIES = YES;
				CODE_SIGN_STYLE = Automatic;
				CURRENT_PROJECT_VERSION = 1;
				GENERATE_INFOPLIST_FILE = YES;
				LD_RUNPATH_SEARCH_PATHS = (
					"$(inherited)",
					"@executable_path/Frameworks",
					"@loader_path/Frameworks",
				);
				MARKETING_VERSION = 1.0;
				PRODUCT_BUNDLE_IDENTIFIER = Nastya.CalenderUITests;
				PRODUCT_NAME = "$(TARGET_NAME)";
				SWIFT_EMIT_LOC_STRINGS = NO;
				SWIFT_VERSION = 5.0;
				TARGETED_DEVICE_FAMILY = "1,2";
				TEST_TARGET_NAME = Calender;
			};
			name = Debug;
		};
		4DC1468D2732C4F7007B9E4A /* Release */ = {
			isa = XCBuildConfiguration;
			buildSettings = {
				ALWAYS_EMBED_SWIFT_STANDARD_LIBRARIES = YES;
				CODE_SIGN_STYLE = Automatic;
				CURRENT_PROJECT_VERSION = 1;
				GENERATE_INFOPLIST_FILE = YES;
				LD_RUNPATH_SEARCH_PATHS = (
					"$(inherited)",
					"@executable_path/Frameworks",
					"@loader_path/Frameworks",
				);
				MARKETING_VERSION = 1.0;
				PRODUCT_BUNDLE_IDENTIFIER = Nastya.CalenderUITests;
				PRODUCT_NAME = "$(TARGET_NAME)";
				SWIFT_EMIT_LOC_STRINGS = NO;
				SWIFT_VERSION = 5.0;
				TARGETED_DEVICE_FAMILY = "1,2";
				TEST_TARGET_NAME = Calender;
			};
			name = Release;
		};
/* End XCBuildConfiguration section */

/* Begin XCConfigurationList section */
		4DC1465C2732C4F4007B9E4A /* Build configuration list for PBXProject "Calender" */ = {
			isa = XCConfigurationList;
			buildConfigurations = (
				4DC146832732C4F7007B9E4A /* Debug */,
				4DC146842732C4F7007B9E4A /* Release */,
			);
			defaultConfigurationIsVisible = 0;
			defaultConfigurationName = Release;
		};
		4DC146852732C4F7007B9E4A /* Build configuration list for PBXNativeTarget "Calender" */ = {
			isa = XCConfigurationList;
			buildConfigurations = (
				4DC146862732C4F7007B9E4A /* Debug */,
				4DC146872732C4F7007B9E4A /* Release */,
			);
			defaultConfigurationIsVisible = 0;
			defaultConfigurationName = Release;
		};
		4DC146882732C4F7007B9E4A /* Build configuration list for PBXNativeTarget "CalenderTests" */ = {
			isa = XCConfigurationList;
			buildConfigurations = (
				4DC146892732C4F7007B9E4A /* Debug */,
				4DC1468A2732C4F7007B9E4A /* Release */,
			);
			defaultConfigurationIsVisible = 0;
			defaultConfigurationName = Release;
		};
		4DC1468B2732C4F7007B9E4A /* Build configuration list for PBXNativeTarget "CalenderUITests" */ = {
			isa = XCConfigurationList;
			buildConfigurations = (
				4DC1468C2732C4F7007B9E4A /* Debug */,
				4DC1468D2732C4F7007B9E4A /* Release */,
			);
			defaultConfigurationIsVisible = 0;
			defaultConfigurationName = Release;
		};
/* End XCConfigurationList section */
	};
	rootObject = 4DC146592732C4F4007B9E4A /* Project object */;
}
